// !$*UTF8*$!
{
	archiveVersion = 1;
	classes = {
	};
	objectVersion = 50;
	objects = {

/* Begin PBXBuildFile section */
		849ACB0E2237800C00DC7C6C /* AppDelegate.swift in Sources */ = {isa = PBXBuildFile; fileRef = 849ACB0D2237800C00DC7C6C /* AppDelegate.swift */; };
		849ACB102237800C00DC7C6C /* ViewController.swift in Sources */ = {isa = PBXBuildFile; fileRef = 849ACB0F2237800C00DC7C6C /* ViewController.swift */; };
		849ACB132237800C00DC7C6C /* Main.storyboard in Resources */ = {isa = PBXBuildFile; fileRef = 849ACB112237800C00DC7C6C /* Main.storyboard */; };
		849ACB152237800D00DC7C6C /* Assets.xcassets in Resources */ = {isa = PBXBuildFile; fileRef = 849ACB142237800D00DC7C6C /* Assets.xcassets */; };
		849ACB182237800D00DC7C6C /* LaunchScreen.storyboard in Resources */ = {isa = PBXBuildFile; fileRef = 849ACB162237800D00DC7C6C /* LaunchScreen.storyboard */; };
		849ACB20223780F600DC7C6C /* 被遗忘的时光.mp3 in Resources */ = {isa = PBXBuildFile; fileRef = 849ACB1F223780F600DC7C6C /* 被遗忘的时光.mp3 */; };
/* End PBXBuildFile section */

/* Begin PBXFileReference section */
		849ACB0A2237800C00DC7C6C /* AudioSpectrumAnimation.app */ = {isa = PBXFileReference; explicitFileType = wrapper.application; includeInIndex = 0; path = AudioSpectrumAnimation.app; sourceTree = BUILT_PRODUCTS_DIR; };
		849ACB0D2237800C00DC7C6C /* AppDelegate.swift */ = {isa = PBXFileReference; lastKnownFileType = sourcecode.swift; path = AppDelegate.swift; sourceTree = "<group>"; };
		849ACB0F2237800C00DC7C6C /* ViewController.swift */ = {isa = PBXFileReference; lastKnownFileType = sourcecode.swift; path = ViewController.swift; sourceTree = "<group>"; };
		849ACB122237800C00DC7C6C /* Base */ = {isa = PBXFileReference; lastKnownFileType = file.storyboard; name = Base; path = Base.lproj/Main.storyboard; sourceTree = "<group>"; };
		849ACB142237800D00DC7C6C /* Assets.xcassets */ = {isa = PBXFileReference; lastKnownFileType = folder.assetcatalog; path = Assets.xcassets; sourceTree = "<group>"; };
		849ACB172237800D00DC7C6C /* Base */ = {isa = PBXFileReference; lastKnownFileType = file.storyboard; name = Base; path = Base.lproj/LaunchScreen.storyboard; sourceTree = "<group>"; };
		849ACB192237800D00DC7C6C /* Info.plist */ = {isa = PBXFileReference; lastKnownFileType = text.plist.xml; path = Info.plist; sourceTree = "<group>"; };
		849ACB1F223780F600DC7C6C /* 被遗忘的时光.mp3 */ = {isa = PBXFileReference; lastKnownFileType = audio.mp3; path = "被遗忘的时光.mp3"; sourceTree = "<group>"; };
/* End PBXFileReference section */

/* Begin PBXFrameworksBuildPhase section */
		849ACB072237800C00DC7C6C /* Frameworks */ = {
			isa = PBXFrameworksBuildPhase;
			buildActionMask = 2147483647;
			files = (
			);
			runOnlyForDeploymentPostprocessing = 0;
		};
/* End PBXFrameworksBuildPhase section */

/* Begin PBXGroup section */
		849ACB012237800C00DC7C6C = {
			isa = PBXGroup;
			children = (
				849ACB0C2237800C00DC7C6C /* AudioSpectrumAnimation */,
				849ACB0B2237800C00DC7C6C /* Products */,
			);
			sourceTree = "<group>";
		};
		849ACB0B2237800C00DC7C6C /* Products */ = {
			isa = PBXGroup;
			children = (
				849ACB0A2237800C00DC7C6C /* AudioSpectrumAnimation.app */,
			);
			name = Products;
			sourceTree = "<group>";
		};
		849ACB0C2237800C00DC7C6C /* AudioSpectrumAnimation */ = {
			isa = PBXGroup;
			children = (
				849ACB1F223780F600DC7C6C /* 被遗忘的时光.mp3 */,
				849ACB0D2237800C00DC7C6C /* AppDelegate.swift */,
				849ACB0F2237800C00DC7C6C /* ViewController.swift */,
				849ACB112237800C00DC7C6C /* Main.storyboard */,
				849ACB142237800D00DC7C6C /* Assets.xcassets */,
				849ACB162237800D00DC7C6C /* LaunchScreen.storyboard */,
				849ACB192237800D00DC7C6C /* Info.plist */,
			);
			path = AudioSpectrumAnimation;
			sourceTree = "<group>";
		};
/* End PBXGroup section */

/* Begin PBXNativeTarget section */
		849ACB092237800C00DC7C6C /* AudioSpectrumAnimation */ = {
			isa = PBXNativeTarget;
			buildConfigurationList = 849ACB1C2237800D00DC7C6C /* Build configuration list for PBXNativeTarget "AudioSpectrumAnimation" */;
			buildPhases = (
				849ACB062237800C00DC7C6C /* Sources */,
				849ACB072237800C00DC7C6C /* Frameworks */,
				849ACB082237800C00DC7C6C /* Resources */,
			);
			buildRules = (
			);
			dependencies = (
			);
			name = AudioSpectrumAnimation;
			productName = AudioSpectrumAnimation;
			productReference = 849ACB0A2237800C00DC7C6C /* AudioSpectrumAnimation.app */;
			productType = "com.apple.product-type.application";
		};
/* End PBXNativeTarget section */

/* Begin PBXProject section */
		849ACB022237800C00DC7C6C /* Project object */ = {
			isa = PBXProject;
			attributes = {
				LastSwiftUpdateCheck = 1010;
				LastUpgradeCheck = 1010;
				ORGANIZATIONNAME = "huxq-coder";
				TargetAttributes = {
					849ACB092237800C00DC7C6C = {
						CreatedOnToolsVersion = 10.1;
					};
				};
			};
			buildConfigurationList = 849ACB052237800C00DC7C6C /* Build configuration list for PBXProject "AudioSpectrumAnimation" */;
			compatibilityVersion = "Xcode 9.3";
			developmentRegion = en;
			hasScannedForEncodings = 0;
			knownRegions = (
				en,
				Base,
			);
			mainGroup = 849ACB012237800C00DC7C6C;
			productRefGroup = 849ACB0B2237800C00DC7C6C /* Products */;
			projectDirPath = "";
			projectRoot = "";
			targets = (
				849ACB092237800C00DC7C6C /* AudioSpectrumAnimation */,
			);
		};
/* End PBXProject section */

/* Begin PBXResourcesBuildPhase section */
		849ACB082237800C00DC7C6C /* Resources */ = {
			isa = PBXResourcesBuildPhase;
			buildActionMask = 2147483647;
			files = (
				849ACB182237800D00DC7C6C /* LaunchScreen.storyboard in Resources */,
				849ACB20223780F600DC7C6C /* 被遗忘的时光.mp3 in Resources */,
				849ACB152237800D00DC7C6C /* Assets.xcassets in Resources */,
				849ACB132237800C00DC7C6C /* Main.storyboard in Resources */,
			);
			runOnlyForDeploymentPostprocessing = 0;
		};
/* End PBXResourcesBuildPhase section */

/* Begin PBXSourcesBuildPhase section */
		849ACB062237800C00DC7C6C /* Sources */ = {
			isa = PBXSourcesBuildPhase;
			buildActionMask = 2147483647;
			files = (
				849ACB102237800C00DC7C6C /* ViewController.swift in Sources */,
				849ACB0E2237800C00DC7C6C /* AppDelegate.swift in Sources */,
			);
			runOnlyForDeploymentPostprocessing = 0;
		};
/* End PBXSourcesBuildPhase section */

/* Begin PBXVariantGroup section */
		849ACB112237800C00DC7C6C /* Main.storyboard */ = {
			isa = PBXVariantGroup;
			children = (
				849ACB122237800C00DC7C6C /* Base */,
			);
			name = Main.storyboard;
			sourceTree = "<group>";
		};
		849ACB162237800D00DC7C6C /* LaunchScreen.storyboard */ = {
			isa = PBXVariantGroup;
			children = (
				849ACB172237800D00DC7C6C /* Base */,
			);
			name = LaunchScreen.storyboard;
			sourceTree = "<group>";
		};
/* End PBXVariantGroup section */

/* Begin XCBuildConfiguration section */
		849ACB1A2237800D00DC7C6C /* Debug */ = {
			isa = XCBuildConfiguration;
			buildSettings = {
				ALWAYS_SEARCH_USER_PATHS = NO;
				CLANG_ANALYZER_NONNULL = YES;
				CLANG_ANALYZER_NUMBER_OBJECT_CONVERSION = YES_AGGRESSIVE;
				CLANG_CXX_LANGUAGE_STANDARD = "gnu++14";
				CLANG_CXX_LIBRARY = "libc++";
				CLANG_ENABLE_MODULES = YES;
				CLANG_ENABLE_OBJC_ARC = YES;
				CLANG_ENABLE_OBJC_WEAK = YES;
				CLANG_WARN_BLOCK_CAPTURE_AUTORELEASING = YES;
				CLANG_WARN_BOOL_CONVERSION = YES;
				CLANG_WARN_COMMA = YES;
				CLANG_WARN_CONSTANT_CONVERSION = YES;
				CLANG_WARN_DEPRECATED_OBJC_IMPLEMENTATIONS = YES;
				CLANG_WARN_DIRECT_OBJC_ISA_USAGE = YES_ERROR;
				CLANG_WARN_DOCUMENTATION_COMMENTS = YES;
				CLANG_WARN_EMPTY_BODY = YES;
				CLANG_WARN_ENUM_CONVERSION = YES;
				CLANG_WARN_INFINITE_RECURSION = YES;
				CLANG_WARN_INT_CONVERSION = YES;
				CLANG_WARN_NON_LITERAL_NULL_CONVERSION = YES;
				CLANG_WARN_OBJC_IMPLICIT_RETAIN_SELF = YES;
				CLANG_WARN_OBJC_LITERAL_CONVERSION = YES;
				CLANG_WARN_OBJC_ROOT_CLASS = YES_ERROR;
				CLANG_WARN_RANGE_LOOP_ANALYSIS = YES;
				CLANG_WARN_STRICT_PROTOTYPES = YES;
				CLANG_WARN_SUSPICIOUS_MOVE = YES;
				CLANG_WARN_UNGUARDED_AVAILABILITY = YES_AGGRESSIVE;
				CLANG_WARN_UNREACHABLE_CODE = YES;
				CLANG_WARN__DUPLICATE_METHOD_MATCH = YES;
				CODE_SIGN_IDENTITY = "iPhone Developer";
				COPY_PHASE_STRIP = NO;
				DEBUG_INFORMATION_FORMAT = dwarf;
				ENABLE_STRICT_OBJC_MSGSEND = YES;
				ENABLE_TESTABILITY = YES;
				GCC_C_LANGUAGE_STANDARD = gnu11;
				GCC_DYNAMIC_NO_PIC = NO;
				GCC_NO_COMMON_BLOCKS = YES;
				GCC_OPTIMIZATION_LEVEL = 0;
				GCC_PREPROCESSOR_DEFINITIONS = (
					"DEBUG=1",
					"$(inherited)",
				);
				GCC_WARN_64_TO_32_BIT_CONVERSION = YES;
				GCC_WARN_ABOUT_RETURN_TYPE = YES_ERROR;
				GCC_WARN_UNDECLARED_SELECTOR = YES;
				GCC_WARN_UNINITIALIZED_AUTOS = YES_AGGRESSIVE;
				GCC_WARN_UNUSED_FUNCTION = YES;
				GCC_WARN_UNUSED_VARIABLE = YES;
				IPHONEOS_DEPLOYMENT_TARGET = 12.1;
				MTL_ENABLE_DEBUG_INFO = INCLUDE_SOURCE;
				MTL_FAST_MATH = YES;
				ONLY_ACTIVE_ARCH = YES;
				SDKROOT = iphoneos;
				SWIFT_ACTIVE_COMPILATION_CONDITIONS = DEBUG;
				SWIFT_OPTIMIZATION_LEVEL = "-Onone";
			};
			name = Debug;
		};
		849ACB1B2237800D00DC7C6C /* Release */ = {
			isa = XCBuildConfiguration;
			buildSettings = {
				ALWAYS_SEARCH_USER_PATHS = NO;
				CLANG_ANALYZER_NONNULL = YES;
				CLANG_ANALYZER_NUMBER_OBJECT_CONVERSION = YES_AGGRESSIVE;
				CLANG_CXX_LANGUAGE_STANDARD = "gnu++14";
				CLANG_CXX_LIBRARY = "libc++";
				CLANG_ENABLE_MODULES = YES;
				CLANG_ENABLE_OBJC_ARC = YES;
				CLANG_ENABLE_OBJC_WEAK = YES;
				CLANG_WARN_BLOCK_CAPTURE_AUTORELEASING = YES;
				CLANG_WARN_BOOL_CONVERSION = YES;
				CLANG_WARN_COMMA = YES;
				CLANG_WARN_CONSTANT_CONVERSION = YES;
				CLANG_WARN_DEPRECATED_OBJC_IMPLEMENTATIONS = YES;
				CLANG_WARN_DIRECT_OBJC_ISA_USAGE = YES_ERROR;
				CLANG_WARN_DOCUMENTATION_COMMENTS = YES;
				CLANG_WARN_EMPTY_BODY = YES;
				CLANG_WARN_ENUM_CONVERSION = YES;
				CLANG_WARN_INFINITE_RECURSION = YES;
				CLANG_WARN_INT_CONVERSION = YES;
				CLANG_WARN_NON_LITERAL_NULL_CONVERSION = YES;
				CLANG_WARN_OBJC_IMPLICIT_RETAIN_SELF = YES;
				CLANG_WARN_OBJC_LITERAL_CONVERSION = YES;
				CLANG_WARN_OBJC_ROOT_CLASS = YES_ERROR;
				CLANG_WARN_RANGE_LOOP_ANALYSIS = YES;
				CLANG_WARN_STRICT_PROTOTYPES = YES;
				CLANG_WARN_SUSPICIOUS_MOVE = YES;
				CLANG_WARN_UNGUARDED_AVAILABILITY = YES_AGGRESSIVE;
				CLANG_WARN_UNREACHABLE_CODE = YES;
				CLANG_WARN__DUPLICATE_METHOD_MATCH = YES;
				CODE_SIGN_IDENTITY = "iPhone Developer";
				COPY_PHASE_STRIP = NO;
				DEBUG_INFORMATION_FORMAT = "dwarf-with-dsym";
				ENABLE_NS_ASSERTIONS = NO;
				ENABLE_STRICT_OBJC_MSGSEND = YES;
				GCC_C_LANGUAGE_STANDARD = gnu11;
				GCC_NO_COMMON_BLOCKS = YES;
				GCC_WARN_64_TO_32_BIT_CONVERSION = YES;
				GCC_WARN_ABOUT_RETURN_TYPE = YES_ERROR;
				GCC_WARN_UNDECLARED_SELECTOR = YES;
				GCC_WARN_UNINITIALIZED_AUTOS = YES_AGGRESSIVE;
				GCC_WARN_UNUSED_FUNCTION = YES;
				GCC_WARN_UNUSED_VARIABLE = YES;
				IPHONEOS_DEPLOYMENT_TARGET = 12.1;
				MTL_ENABLE_DEBUG_INFO = NO;
				MTL_FAST_MATH = YES;
				SDKROOT = iphoneos;
				SWIFT_COMPILATION_MODE = wholemodule;
				SWIFT_OPTIMIZATION_LEVEL = "-O";
				VALIDATE_PRODUCT = YES;
			};
			name = Release;
		};
		849ACB1D2237800D00DC7C6C /* Debug */ = {
			isa = XCBuildConfiguration;
			buildSettings = {
				ASSETCATALOG_COMPILER_APPICON_NAME = AppIcon;
				CODE_SIGN_STYLE = Automatic;
				DEVELOPMENT_TEAM = EXL9W2WGK7;
				INFOPLIST_FILE = AudioSpectrumAnimation/Info.plist;
				IPHONEOS_DEPLOYMENT_TARGET = 9.0;
				LD_RUNPATH_SEARCH_PATHS = (
					"$(inherited)",
					"@executable_path/Frameworks",
				);
				PRODUCT_BUNDLE_IDENTIFIER = com.audio.AudioSpectrumAnimation;
				PRODUCT_NAME = "$(TARGET_NAME)";
				SWIFT_VERSION = 4.2;
				TARGETED_DEVICE_FAMILY = "1,2";
			};
			name = Debug;
		};
		849ACB1E2237800D00DC7C6C /* Release */ = {
			isa = XCBuildConfiguration;
			buildSettings = {
				ASSETCATALOG_COMPILER_APPICON_NAME = AppIcon;
				CODE_SIGN_STYLE = Automatic;
				DEVELOPMENT_TEAM = EXL9W2WGK7;
				INFOPLIST_FILE = AudioSpectrumAnimation/Info.plist;
				IPHONEOS_DEPLOYMENT_TARGET = 9.0;
				LD_RUNPATH_SEARCH_PATHS = (
					"$(inherited)",
					"@executable_path/Frameworks",
				);
				PRODUCT_BUNDLE_IDENTIFIER = com.audio.AudioSpectrumAnimation;
				PRODUCT_NAME = "$(TARGET_NAME)";
				SWIFT_VERSION = 4.2;
				TARGETED_DEVICE_FAMILY = "1,2";
			};
			name = Release;
		};
/* End XCBuildConfiguration section */

/* Begin XCConfigurationList section */
		849ACB052237800C00DC7C6C /* Build configuration list for PBXProject "AudioSpectrumAnimation" */ = {
			isa = XCConfigurationList;
			buildConfigurations = (
				849ACB1A2237800D00DC7C6C /* Debug */,
				849ACB1B2237800D00DC7C6C /* Release */,
			);
			defaultConfigurationIsVisible = 0;
			defaultConfigurationName = Release;
		};
		849ACB1C2237800D00DC7C6C /* Build configuration list for PBXNativeTarget "AudioSpectrumAnimation" */ = {
			isa = XCConfigurationList;
			buildConfigurations = (
				849ACB1D2237800D00DC7C6C /* Debug */,
				849ACB1E2237800D00DC7C6C /* Release */,
			);
			defaultConfigurationIsVisible = 0;
			defaultConfigurationName = Release;
		};
/* End XCConfigurationList section */
	};
	rootObject = 849ACB022237800C00DC7C6C /* Project object */;
}
